
Microsoft Visual Studio Solution File, Format Version 12.00
# Visual Studio Version 17
VisualStudioVersion = 17.4.33205.214
MinimumVisualStudioVersion = 10.0.40219.1
Project("{9A19103F-16F7-4668-BE54-9A1E7A4F7556}") = "SmallTask", "SmallTask\SmallTask.csproj", "{92EF7C28-A400-4CDE-9D49-ADA455F781C1}"
EndProject
Project("{FAE04EC0-301F-11D3-BF4B-00C04F79EFBC}") = "SmallTaskList.App", "SmallTaskList.App\SmallTaskList.App.csproj", "{44E283E8-5E1D-47F3-8078-300EF2609E39}"
EndProject
Global
	GlobalSection(SolutionConfigurationPlatforms) = preSolution
		Debug|Any CPU = Debug|Any CPU
		Debug|x64 = Debug|x64
		Release|Any CPU = Release|Any CPU
		Release|x64 = Release|x64
	EndGlobalSection
	GlobalSection(ProjectConfigurationPlatforms) = postSolution
		{92EF7C28-A400-4CDE-9D49-ADA455F781C1}.Debug|Any CPU.ActiveCfg = Debug|Any CPU
		{92EF7C28-A400-4CDE-9D49-ADA455F781C1}.Debug|Any CPU.Build.0 = Debug|Any CPU
		{92EF7C28-A400-4CDE-9D49-ADA455F781C1}.Debug|x64.ActiveCfg = Debug|x64
		{92EF7C28-A400-4CDE-9D49-ADA455F781C1}.Debug|x64.Build.0 = Debug|x64
		{92EF7C28-A400-4CDE-9D49-ADA455F781C1}.Release|Any CPU.ActiveCfg = Release|Any CPU
		{92EF7C28-A400-4CDE-9D49-ADA455F781C1}.Release|Any CPU.Build.0 = Release|Any CPU
		{92EF7C28-A400-4CDE-9D49-ADA455F781C1}.Release|x64.ActiveCfg = Release|x64
		{92EF7C28-A400-4CDE-9D49-ADA455F781C1}.Release|x64.Build.0 = Release|x64
		{44E283E8-5E1D-47F3-8078-300EF2609E39}.Debug|Any CPU.ActiveCfg = Debug|Any CPU
		{44E283E8-5E1D-47F3-8078-300EF2609E39}.Debug|Any CPU.Build.0 = Debug|Any CPU
		{44E283E8-5E1D-47F3-8078-300EF2609E39}.Debug|x64.ActiveCfg = Debug|x64
		{44E283E8-5E1D-47F3-8078-300EF2609E39}.Debug|x64.Build.0 = Debug|x64
		{44E283E8-5E1D-47F3-8078-300EF2609E39}.Release|Any CPU.ActiveCfg = Release|Any CPU
		{44E283E8-5E1D-47F3-8078-300EF2609E39}.Release|Any CPU.Build.0 = Release|Any CPU
		{44E283E8-5E1D-47F3-8078-300EF2609E39}.Release|x64.ActiveCfg = Release|x64
		{44E283E8-5E1D-47F3-8078-300EF2609E39}.Release|x64.Build.0 = Release|x64
	EndGlobalSection
	GlobalSection(SolutionProperties) = preSolution
		HideSolutionNode = FALSE
	EndGlobalSection
	GlobalSection(ExtensibilityGlobals) = postSolution
		SolutionGuid = {5C4265D6-D01F-41E6-9FD1-0C4251BA8BC2}
	EndGlobalSection
EndGlobal
